<?xml version="1.0" encoding="UTF-8" standalone="yes" ?>
<CodeBlocks_project_file>
	<FileVersion major="1" minor="6" />
	<Project>
		<Option title="aaaa0ggmcLib_SEH" />
		<Option pch_mode="2" />
		<Option compiler="gnu_gcc_compiler_seh" />
		<Build>
			<Target title="Debug">
				<Option output="../../#build/seh/aaaa0ggmcLib" prefix_auto="1" extension_auto="1" />
				<Option object_output="obj/seh/Debug/" />
				<Option type="3" />
				<Option compiler="gnu_gcc_compiler_seh" />
				<Option createDefFile="1" />
				<Option createStaticLib="1" />
				<Compiler>
					<Add option="-Wall" />
					<Add option="-DBUILD_DLL" />
					<Add option="-g" />
				</Compiler>
				<Linker>
					<Add library="user32" />
				</Linker>
			</Target>
			<Target title="Release">
				<Option output="../../#build/seh/aaaa0ggmcLib" prefix_auto="1" extension_auto="1" />
				<Option object_output="obj/seh/Release/" />
				<Option type="3" />
				<Option compiler="gnu_gcc_compiler_seh" />
				<Option createDefFile="1" />
				<Option createStaticLib="1" />
				<Compiler>
					<Add option="-O2" />
					<Add option="-Wall" />
					<Add option="-DBUILD_DLL" />
				</Compiler>
				<Linker>
					<Add option="-s" />
					<Add library="user32" />
				</Linker>
			</Target>
		</Build>
		<Compiler>
			<Add directory="../../#depend/headers" />
			<Add directory="headers" />
		</Compiler>
		<Linker>
			<Add library="winmm" />
			<Add library="psapi" />
		</Linker>
		<Unit filename="headers/CClock.cpp" />
		<Unit filename="headers/CClock.h" />
		<Unit filename="headers/MultiEnString.cpp" />
		<Unit filename="headers/MultiEnString.h" />
		<Unit filename="headers/Translator.cpp" />
		<Unit filename="headers/Translator.h" />
		<Unit filename="headers/aaa_util.cpp">
			<Option weight="30" />
		</Unit>
		<Unit filename="headers/aaa_util.h">
			<Option target="&lt;{~None~}&gt;" />
		</Unit>
		<Unit filename="headers/rapidjson.cpp" />
		<Unit filename="headers/rapidjson.h" />
		<Unit filename="headers/spdlog.cpp">
			<Option weight="40" />
		</Unit>
		<Unit filename="headers/spdlog.h" />
		<Unit filename="main.cpp" />
		<Unit filename="main.h" />
		<Extensions>
			<lib_finder disable_auto="1" />
		</Extensions>
	</Project>
</CodeBlocks_project_file>
