<?xml version="1.0" encoding="UTF-8" standalone="yes" ?>
<CodeBlocks_project_file>
	<FileVersion major="1" minor="6" />
	<Project>
		<Option title="MineTerraria" />
		<Option pch_mode="2" />
		<Option compiler="gcc" />
		<Build>
			<Target title="Debug">
				<Option output="#bin/Debug/MineTerraria" prefix_auto="1" extension_auto="1" />
				<Option object_output="#obj/Debug/" />
				<Option type="1" />
				<Option compiler="gcc" />
				<Compiler>
					<Add option="-g" />
				</Compiler>
				<Linker>
					<Add library="sfml-graphics-d" />
					<Add library="sfml-window-d" />
					<Add library="sfml-system-d" />
					<Add library="sfml-audio-d" />
					<Add library="D:/Comps/SFML/lib/libFLAC.a" />
					<Add library="D:/Comps/SFML/lib/libfreetype.a" />
					<Add library="D:/Comps/SFML/lib/libogg.a" />
					<Add library="D:/Comps/SFML/lib/libopenal32.a" />
					<Add library="D:/Comps/SFML/lib/libvorbis.a" />
					<Add library="D:/Comps/SFML/lib/libvorbisenc.a" />
					<Add library="D:/Comps/SFML/lib/libvorbisfile.a" />
					<Add library="D:/CodeBlocks/MinGW/i686-w64-mingw32/lib/libopengl32.a" />
					<Add library="D:/CodeBlocks/MinGW/i686-w64-mingw32/lib/libglu32.a" />
				</Linker>
			</Target>
			<Target title="Release">
				<Option output="#bin/Release/MineTerraria" prefix_auto="1" extension_auto="1" />
				<Option object_output="#obj/Release/" />
				<Option type="0" />
				<Option compiler="gcc" />
				<Compiler>
					<Add option="-O2" />
				</Compiler>
				<Linker>
					<Add option="-s" />
					<Add library="sfml-graphics" />
					<Add library="sfml-window" />
					<Add library="sfml-system" />
					<Add library="sfml-audio" />
					<Add library="D:/Comps/SFML/lib/libFLAC.a" />
					<Add library="D:/Comps/SFML/lib/libfreetype.a" />
					<Add library="D:/Comps/SFML/lib/libogg.a" />
					<Add library="D:/Comps/SFML/lib/libopenal32.a" />
					<Add library="D:/Comps/SFML/lib/libvorbis.a" />
					<Add library="D:/Comps/SFML/lib/libvorbisenc.a" />
					<Add library="D:/Comps/SFML/lib/libvorbisfile.a" />
					<Add library="D:/CodeBlocks/MinGW/i686-w64-mingw32/lib/libopengl32.a" />
					<Add library="D:/CodeBlocks/MinGW/i686-w64-mingw32/lib/libglu32.a" />
				</Linker>
			</Target>
			<Target title="MineForge">
				<Option output="#bin/Debug/MineTerraria" prefix_auto="1" extension_auto="1" />
				<Option object_output="#obj/" />
				<Option type="3" />
				<Option compiler="gcc" />
				<Option createDefFile="1" />
				<Option createStaticLib="1" />
				<Compiler>
					<Add option="-O2" />
					<Add option="-Wall" />
					<Add option="-DBUILD_DLL" />
				</Compiler>
				<Linker>
					<Add option="-s" />
					<Add library="user32" />
					<Add library="C:/Users/yd/Documents/C++Projects/MineTerraria/#depend/_tkinter.lib" />
					<Add library="C:/Users/yd/Documents/C++Projects/MineTerraria/#depend/libpython37.a" />
					<Add library="C:/Users/yd/Documents/C++Projects/MineTerraria/#depend/python3.lib" />
					<Add library="C:/Users/yd/Documents/C++Projects/MineTerraria/#depend/python37.lib" />
				</Linker>
			</Target>
		</Build>
		<Compiler>
			<Add option="-Wall" />
			<Add directory="$(#sfml.include)" />
		</Compiler>
		<Linker>
			<Add library="mingw32" />
			<Add library="user32" />
			<Add library="gdi32" />
			<Add library="winmm" />
			<Add library="dxguid" />
			<Add library="D:/cb64/CodeBlocks/MinGW/x86_64-w64-mingw32/lib/libwinpthread.a" />
			<Add library="#depend/_tkinter.lib" />
			<Add library="#depend/libpython37.a" />
			<Add library="#depend/python3.lib" />
			<Add library="#depend/python37.lib" />
			<Add directory="$(#sfml.lib)" />
		</Linker>
		<Unit filename="-MineForge/main.cpp">
			<Option target="MineForge" />
		</Unit>
		<Unit filename="-MineForge/main.h">
			<Option target="MineForge" />
		</Unit>
		<Unit filename="@cppPy/CppPy.h">
			<Option target="Debug" />
			<Option target="Release" />
		</Unit>
		<Unit filename="@cppPy/cppPy.cpp">
			<Option target="Debug" />
			<Option target="Release" />
		</Unit>
		<Unit filename="@easyXX/easyColor.cpp">
			<Option target="Debug" />
			<Option target="Release" />
		</Unit>
		<Unit filename="@easyXX/easyColor.h">
			<Option target="Debug" />
			<Option target="Release" />
		</Unit>
		<Unit filename="@easyXX/easyEvents.cpp">
			<Option target="Debug" />
			<Option target="Release" />
		</Unit>
		<Unit filename="@easyXX/easyEvents.h">
			<Option target="Debug" />
			<Option target="Release" />
		</Unit>
		<Unit filename="@easyXX/easyFont.cpp">
			<Option target="Debug" />
			<Option target="Release" />
		</Unit>
		<Unit filename="@easyXX/easyFont.h">
			<Option target="Debug" />
			<Option target="Release" />
		</Unit>
		<Unit filename="@easyXX/easyTex.cpp">
			<Option target="Debug" />
			<Option target="Release" />
		</Unit>
		<Unit filename="@easyXX/easyTex.h">
			<Option target="Debug" />
			<Option target="Release" />
		</Unit>
		<Unit filename="@enc/pubhash.cpp">
			<Option target="Debug" />
			<Option target="Release" />
		</Unit>
		<Unit filename="@enc/pubhash.h">
			<Option target="Debug" />
			<Option target="Release" />
		</Unit>
		<Unit filename="@extraSFML/sfml-layout.cpp">
			<Option target="Debug" />
			<Option target="Release" />
		</Unit>
		<Unit filename="@extraSFML/sfml-layout.h">
			<Option target="Debug" />
			<Option target="Release" />
		</Unit>
		<Unit filename="@extraSFML/sfml-math.cpp">
			<Option target="Debug" />
			<Option target="Release" />
		</Unit>
		<Unit filename="@extraSFML/sfml-math.h">
			<Option target="Debug" />
			<Option target="Release" />
		</Unit>
		<Unit filename="@python/Python-ast.h">
			<Option target="Debug" />
			<Option target="Release" />
		</Unit>
		<Unit filename="@python/Python.h">
			<Option target="Debug" />
			<Option target="Release" />
		</Unit>
		<Unit filename="@python/abstract.h">
			<Option target="Debug" />
			<Option target="Release" />
		</Unit>
		<Unit filename="@python/asdl.h">
			<Option target="Debug" />
			<Option target="Release" />
		</Unit>
		<Unit filename="@python/ast.h">
			<Option target="Debug" />
			<Option target="Release" />
		</Unit>
		<Unit filename="@python/bitset.h">
			<Option target="Debug" />
			<Option target="Release" />
		</Unit>
		<Unit filename="@python/bltinmodule.h">
			<Option target="Debug" />
			<Option target="Release" />
		</Unit>
		<Unit filename="@python/boolobject.h">
			<Option target="Debug" />
			<Option target="Release" />
		</Unit>
		<Unit filename="@python/bytearrayobject.h">
			<Option target="Debug" />
			<Option target="Release" />
		</Unit>
		<Unit filename="@python/bytesobject.h">
			<Option target="Debug" />
			<Option target="Release" />
		</Unit>
		<Unit filename="@python/cellobject.h">
			<Option target="Debug" />
			<Option target="Release" />
		</Unit>
		<Unit filename="@python/ceval.h">
			<Option target="Debug" />
			<Option target="Release" />
		</Unit>
		<Unit filename="@python/classobject.h">
			<Option target="Debug" />
			<Option target="Release" />
		</Unit>
		<Unit filename="@python/code.h">
			<Option target="Debug" />
			<Option target="Release" />
		</Unit>
		<Unit filename="@python/codecs.h">
			<Option target="Debug" />
			<Option target="Release" />
		</Unit>
		<Unit filename="@python/compile.h">
			<Option target="Debug" />
			<Option target="Release" />
		</Unit>
		<Unit filename="@python/complexobject.h">
			<Option target="Debug" />
			<Option target="Release" />
		</Unit>
		<Unit filename="@python/context.h">
			<Option target="Debug" />
			<Option target="Release" />
		</Unit>
		<Unit filename="@python/cpython/abstract.h">
			<Option target="Debug" />
			<Option target="Release" />
		</Unit>
		<Unit filename="@python/cpython/bytearrayobject.h">
			<Option target="Debug" />
			<Option target="Release" />
		</Unit>
		<Unit filename="@python/cpython/bytesobject.h">
			<Option target="Debug" />
			<Option target="Release" />
		</Unit>
		<Unit filename="@python/cpython/ceval.h">
			<Option target="Debug" />
			<Option target="Release" />
		</Unit>
		<Unit filename="@python/cpython/code.h">
			<Option target="Debug" />
			<Option target="Release" />
		</Unit>
		<Unit filename="@python/cpython/dictobject.h">
			<Option target="Debug" />
			<Option target="Release" />
		</Unit>
		<Unit filename="@python/cpython/fileobject.h">
			<Option target="Debug" />
			<Option target="Release" />
		</Unit>
		<Unit filename="@python/cpython/fileutils.h">
			<Option target="Debug" />
			<Option target="Release" />
		</Unit>
		<Unit filename="@python/cpython/frameobject.h">
			<Option target="Debug" />
			<Option target="Release" />
		</Unit>
		<Unit filename="@python/cpython/import.h">
			<Option target="Debug" />
			<Option target="Release" />
		</Unit>
		<Unit filename="@python/cpython/initconfig.h">
			<Option target="Debug" />
			<Option target="Release" />
		</Unit>
		<Unit filename="@python/cpython/interpreteridobject.h">
			<Option target="Debug" />
			<Option target="Release" />
		</Unit>
		<Unit filename="@python/cpython/listobject.h">
			<Option target="Debug" />
			<Option target="Release" />
		</Unit>
		<Unit filename="@python/cpython/methodobject.h">
			<Option target="Debug" />
			<Option target="Release" />
		</Unit>
		<Unit filename="@python/cpython/object.h">
			<Option target="Debug" />
			<Option target="Release" />
		</Unit>
		<Unit filename="@python/cpython/objimpl.h">
			<Option target="Debug" />
			<Option target="Release" />
		</Unit>
		<Unit filename="@python/cpython/pyerrors.h">
			<Option target="Debug" />
			<Option target="Release" />
		</Unit>
		<Unit filename="@python/cpython/pylifecycle.h">
			<Option target="Debug" />
			<Option target="Release" />
		</Unit>
		<Unit filename="@python/cpython/pymem.h">
			<Option target="Debug" />
			<Option target="Release" />
		</Unit>
		<Unit filename="@python/cpython/pystate.h">
			<Option target="Debug" />
			<Option target="Release" />
		</Unit>
		<Unit filename="@python/cpython/sysmodule.h">
			<Option target="Debug" />
			<Option target="Release" />
		</Unit>
		<Unit filename="@python/cpython/traceback.h">
			<Option target="Debug" />
			<Option target="Release" />
		</Unit>
		<Unit filename="@python/cpython/tupleobject.h">
			<Option target="Debug" />
			<Option target="Release" />
		</Unit>
		<Unit filename="@python/cpython/unicodeobject.h">
			<Option target="Debug" />
			<Option target="Release" />
		</Unit>
		<Unit filename="@python/datetime.h">
			<Option target="Debug" />
			<Option target="Release" />
		</Unit>
		<Unit filename="@python/descrobject.h">
			<Option target="Debug" />
			<Option target="Release" />
		</Unit>
		<Unit filename="@python/dictobject.h">
			<Option target="Debug" />
			<Option target="Release" />
		</Unit>
		<Unit filename="@python/dynamic_annotations.h">
			<Option target="Debug" />
			<Option target="Release" />
		</Unit>
		<Unit filename="@python/enumobject.h">
			<Option target="Debug" />
			<Option target="Release" />
		</Unit>
		<Unit filename="@python/errcode.h">
			<Option target="Debug" />
			<Option target="Release" />
		</Unit>
		<Unit filename="@python/eval.h">
			<Option target="Debug" />
			<Option target="Release" />
		</Unit>
		<Unit filename="@python/exports.h">
			<Option target="Debug" />
			<Option target="Release" />
		</Unit>
		<Unit filename="@python/fileobject.h">
			<Option target="Debug" />
			<Option target="Release" />
		</Unit>
		<Unit filename="@python/fileutils.h">
			<Option target="Debug" />
			<Option target="Release" />
		</Unit>
		<Unit filename="@python/floatobject.h">
			<Option target="Debug" />
			<Option target="Release" />
		</Unit>
		<Unit filename="@python/frameobject.h">
			<Option target="Debug" />
			<Option target="Release" />
		</Unit>
		<Unit filename="@python/funcobject.h">
			<Option target="Debug" />
			<Option target="Release" />
		</Unit>
		<Unit filename="@python/genericaliasobject.h">
			<Option target="Debug" />
			<Option target="Release" />
		</Unit>
		<Unit filename="@python/genobject.h">
			<Option target="Debug" />
			<Option target="Release" />
		</Unit>
		<Unit filename="@python/graminit.h">
			<Option target="Debug" />
			<Option target="Release" />
		</Unit>
		<Unit filename="@python/grammar.h">
			<Option target="Debug" />
			<Option target="Release" />
		</Unit>
		<Unit filename="@python/import.h">
			<Option target="Debug" />
			<Option target="Release" />
		</Unit>
		<Unit filename="@python/internal/pegen_interface.h">
			<Option target="Debug" />
			<Option target="Release" />
		</Unit>
		<Unit filename="@python/internal/pycore_abstract.h">
			<Option target="Debug" />
			<Option target="Release" />
		</Unit>
		<Unit filename="@python/internal/pycore_accu.h">
			<Option target="Debug" />
			<Option target="Release" />
		</Unit>
		<Unit filename="@python/internal/pycore_atomic.h">
			<Option target="Debug" />
			<Option target="Release" />
		</Unit>
		<Unit filename="@python/internal/pycore_bytes_methods.h">
			<Option target="Debug" />
			<Option target="Release" />
		</Unit>
		<Unit filename="@python/internal/pycore_byteswap.h">
			<Option target="Debug" />
			<Option target="Release" />
		</Unit>
		<Unit filename="@python/internal/pycore_call.h">
			<Option target="Debug" />
			<Option target="Release" />
		</Unit>
		<Unit filename="@python/internal/pycore_ceval.h">
			<Option target="Debug" />
			<Option target="Release" />
		</Unit>
		<Unit filename="@python/internal/pycore_code.h">
			<Option target="Debug" />
			<Option target="Release" />
		</Unit>
		<Unit filename="@python/internal/pycore_condvar.h">
			<Option target="Debug" />
			<Option target="Release" />
		</Unit>
		<Unit filename="@python/internal/pycore_context.h">
			<Option target="Debug" />
			<Option target="Release" />
		</Unit>
		<Unit filename="@python/internal/pycore_dtoa.h">
			<Option target="Debug" />
			<Option target="Release" />
		</Unit>
		<Unit filename="@python/internal/pycore_fileutils.h">
			<Option target="Debug" />
			<Option target="Release" />
		</Unit>
		<Unit filename="@python/internal/pycore_gc.h">
			<Option target="Debug" />
			<Option target="Release" />
		</Unit>
		<Unit filename="@python/internal/pycore_getopt.h">
			<Option target="Debug" />
			<Option target="Release" />
		</Unit>
		<Unit filename="@python/internal/pycore_gil.h">
			<Option target="Debug" />
			<Option target="Release" />
		</Unit>
		<Unit filename="@python/internal/pycore_hamt.h">
			<Option target="Debug" />
			<Option target="Release" />
		</Unit>
		<Unit filename="@python/internal/pycore_hashtable.h">
			<Option target="Debug" />
			<Option target="Release" />
		</Unit>
		<Unit filename="@python/internal/pycore_import.h">
			<Option target="Debug" />
			<Option target="Release" />
		</Unit>
		<Unit filename="@python/internal/pycore_initconfig.h">
			<Option target="Debug" />
			<Option target="Release" />
		</Unit>
		<Unit filename="@python/internal/pycore_interp.h">
			<Option target="Debug" />
			<Option target="Release" />
		</Unit>
		<Unit filename="@python/internal/pycore_object.h">
			<Option target="Debug" />
			<Option target="Release" />
		</Unit>
		<Unit filename="@python/internal/pycore_pathconfig.h">
			<Option target="Debug" />
			<Option target="Release" />
		</Unit>
		<Unit filename="@python/internal/pycore_pyerrors.h">
			<Option target="Debug" />
			<Option target="Release" />
		</Unit>
		<Unit filename="@python/internal/pycore_pyhash.h">
			<Option target="Debug" />
			<Option target="Release" />
		</Unit>
		<Unit filename="@python/internal/pycore_pylifecycle.h">
			<Option target="Debug" />
			<Option target="Release" />
		</Unit>
		<Unit filename="@python/internal/pycore_pymem.h">
			<Option target="Debug" />
			<Option target="Release" />
		</Unit>
		<Unit filename="@python/internal/pycore_pystate.h">
			<Option target="Debug" />
			<Option target="Release" />
		</Unit>
		<Unit filename="@python/internal/pycore_runtime.h">
			<Option target="Debug" />
			<Option target="Release" />
		</Unit>
		<Unit filename="@python/internal/pycore_sysmodule.h">
			<Option target="Debug" />
			<Option target="Release" />
		</Unit>
		<Unit filename="@python/internal/pycore_traceback.h">
			<Option target="Debug" />
			<Option target="Release" />
		</Unit>
		<Unit filename="@python/internal/pycore_tupleobject.h">
			<Option target="Debug" />
			<Option target="Release" />
		</Unit>
		<Unit filename="@python/internal/pycore_warnings.h">
			<Option target="Debug" />
			<Option target="Release" />
		</Unit>
		<Unit filename="@python/interpreteridobject.h">
			<Option target="Debug" />
			<Option target="Release" />
		</Unit>
		<Unit filename="@python/intrcheck.h">
			<Option target="Debug" />
			<Option target="Release" />
		</Unit>
		<Unit filename="@python/iterobject.h">
			<Option target="Debug" />
			<Option target="Release" />
		</Unit>
		<Unit filename="@python/listobject.h">
			<Option target="Debug" />
			<Option target="Release" />
		</Unit>
		<Unit filename="@python/longintrepr.h">
			<Option target="Debug" />
			<Option target="Release" />
		</Unit>
		<Unit filename="@python/longobject.h">
			<Option target="Debug" />
			<Option target="Release" />
		</Unit>
		<Unit filename="@python/marshal.h">
			<Option target="Debug" />
			<Option target="Release" />
		</Unit>
		<Unit filename="@python/memoryobject.h">
			<Option target="Debug" />
			<Option target="Release" />
		</Unit>
		<Unit filename="@python/methodobject.h">
			<Option target="Debug" />
			<Option target="Release" />
		</Unit>
		<Unit filename="@python/modsupport.h">
			<Option target="Debug" />
			<Option target="Release" />
		</Unit>
		<Unit filename="@python/moduleobject.h">
			<Option target="Debug" />
			<Option target="Release" />
		</Unit>
		<Unit filename="@python/namespaceobject.h">
			<Option target="Debug" />
			<Option target="Release" />
		</Unit>
		<Unit filename="@python/node.h">
			<Option target="Debug" />
			<Option target="Release" />
		</Unit>
		<Unit filename="@python/object.h">
			<Option target="Debug" />
			<Option target="Release" />
		</Unit>
		<Unit filename="@python/objimpl.h">
			<Option target="Debug" />
			<Option target="Release" />
		</Unit>
		<Unit filename="@python/odictobject.h">
			<Option target="Debug" />
			<Option target="Release" />
		</Unit>
		<Unit filename="@python/opcode.h">
			<Option target="Debug" />
			<Option target="Release" />
		</Unit>
		<Unit filename="@python/osdefs.h">
			<Option target="Debug" />
			<Option target="Release" />
		</Unit>
		<Unit filename="@python/osmodule.h">
			<Option target="Debug" />
			<Option target="Release" />
		</Unit>
		<Unit filename="@python/parsetok.h">
			<Option target="Debug" />
			<Option target="Release" />
		</Unit>
		<Unit filename="@python/patchlevel.h">
			<Option target="Debug" />
			<Option target="Release" />
		</Unit>
		<Unit filename="@python/picklebufobject.h">
			<Option target="Debug" />
			<Option target="Release" />
		</Unit>
		<Unit filename="@python/py_curses.h">
			<Option target="Debug" />
			<Option target="Release" />
		</Unit>
		<Unit filename="@python/pyarena.h">
			<Option target="Debug" />
			<Option target="Release" />
		</Unit>
		<Unit filename="@python/pycapsule.h">
			<Option target="Debug" />
			<Option target="Release" />
		</Unit>
		<Unit filename="@python/pyconfig.h">
			<Option target="Debug" />
			<Option target="Release" />
		</Unit>
		<Unit filename="@python/pyctype.h">
			<Option target="Debug" />
			<Option target="Release" />
		</Unit>
		<Unit filename="@python/pydebug.h">
			<Option target="Debug" />
			<Option target="Release" />
		</Unit>
		<Unit filename="@python/pydtrace.h">
			<Option target="Debug" />
			<Option target="Release" />
		</Unit>
		<Unit filename="@python/pyerrors.h">
			<Option target="Debug" />
			<Option target="Release" />
		</Unit>
		<Unit filename="@python/pyexpat.h">
			<Option target="Debug" />
			<Option target="Release" />
		</Unit>
		<Unit filename="@python/pyfpe.h">
			<Option target="Debug" />
			<Option target="Release" />
		</Unit>
		<Unit filename="@python/pyframe.h">
			<Option target="Debug" />
			<Option target="Release" />
		</Unit>
		<Unit filename="@python/pyhash.h">
			<Option target="Debug" />
			<Option target="Release" />
		</Unit>
		<Unit filename="@python/pylifecycle.h">
			<Option target="Debug" />
			<Option target="Release" />
		</Unit>
		<Unit filename="@python/pymacconfig.h">
			<Option target="Debug" />
			<Option target="Release" />
		</Unit>
		<Unit filename="@python/pymacro.h">
			<Option target="Debug" />
			<Option target="Release" />
		</Unit>
		<Unit filename="@python/pymath.h">
			<Option target="Debug" />
			<Option target="Release" />
		</Unit>
		<Unit filename="@python/pymem.h">
			<Option target="Debug" />
			<Option target="Release" />
		</Unit>
		<Unit filename="@python/pyport.h">
			<Option target="Debug" />
			<Option target="Release" />
		</Unit>
		<Unit filename="@python/pystate.h">
			<Option target="Debug" />
			<Option target="Release" />
		</Unit>
		<Unit filename="@python/pystrcmp.h">
			<Option target="Debug" />
			<Option target="Release" />
		</Unit>
		<Unit filename="@python/pystrhex.h">
			<Option target="Debug" />
			<Option target="Release" />
		</Unit>
		<Unit filename="@python/pystrtod.h">
			<Option target="Debug" />
			<Option target="Release" />
		</Unit>
		<Unit filename="@python/pythonrun.h">
			<Option target="Debug" />
			<Option target="Release" />
		</Unit>
		<Unit filename="@python/pythread.h">
			<Option target="Debug" />
			<Option target="Release" />
		</Unit>
		<Unit filename="@python/pytime.h">
			<Option target="Debug" />
			<Option target="Release" />
		</Unit>
		<Unit filename="@python/rangeobject.h">
			<Option target="Debug" />
			<Option target="Release" />
		</Unit>
		<Unit filename="@python/setobject.h">
			<Option target="Debug" />
			<Option target="Release" />
		</Unit>
		<Unit filename="@python/sliceobject.h">
			<Option target="Debug" />
			<Option target="Release" />
		</Unit>
		<Unit filename="@python/structmember.h">
			<Option target="Debug" />
			<Option target="Release" />
		</Unit>
		<Unit filename="@python/structseq.h">
			<Option target="Debug" />
			<Option target="Release" />
		</Unit>
		<Unit filename="@python/symtable.h">
			<Option target="Debug" />
			<Option target="Release" />
		</Unit>
		<Unit filename="@python/sysmodule.h">
			<Option target="Debug" />
			<Option target="Release" />
		</Unit>
		<Unit filename="@python/token.h">
			<Option target="Debug" />
			<Option target="Release" />
		</Unit>
		<Unit filename="@python/traceback.h">
			<Option target="Debug" />
			<Option target="Release" />
		</Unit>
		<Unit filename="@python/tracemalloc.h">
			<Option target="Debug" />
			<Option target="Release" />
		</Unit>
		<Unit filename="@python/tupleobject.h">
			<Option target="Debug" />
			<Option target="Release" />
		</Unit>
		<Unit filename="@python/typeslots.h">
			<Option target="Debug" />
			<Option target="Release" />
		</Unit>
		<Unit filename="@python/ucnhash.h">
			<Option target="Debug" />
			<Option target="Release" />
		</Unit>
		<Unit filename="@python/unicodeobject.h">
			<Option target="Debug" />
			<Option target="Release" />
		</Unit>
		<Unit filename="@python/warnings.h">
			<Option target="Debug" />
			<Option target="Release" />
		</Unit>
		<Unit filename="@python/weakrefobject.h">
			<Option target="Debug" />
			<Option target="Release" />
		</Unit>
		<Unit filename="@rapidjson/allocators.h">
			<Option target="Debug" />
			<Option target="Release" />
		</Unit>
		<Unit filename="@rapidjson/cursorstreamwrapper.h">
			<Option target="Debug" />
			<Option target="Release" />
		</Unit>
		<Unit filename="@rapidjson/document.h">
			<Option target="Debug" />
			<Option target="Release" />
		</Unit>
		<Unit filename="@rapidjson/encodedstream.h">
			<Option target="Debug" />
			<Option target="Release" />
		</Unit>
		<Unit filename="@rapidjson/encodings.h">
			<Option target="Debug" />
			<Option target="Release" />
		</Unit>
		<Unit filename="@rapidjson/error/en.h">
			<Option target="Debug" />
			<Option target="Release" />
		</Unit>
		<Unit filename="@rapidjson/error/error.h">
			<Option target="Debug" />
			<Option target="Release" />
		</Unit>
		<Unit filename="@rapidjson/filereadstream.h">
			<Option target="Debug" />
			<Option target="Release" />
		</Unit>
		<Unit filename="@rapidjson/filewritestream.h">
			<Option target="Debug" />
			<Option target="Release" />
		</Unit>
		<Unit filename="@rapidjson/fwd.h">
			<Option target="Debug" />
			<Option target="Release" />
		</Unit>
		<Unit filename="@rapidjson/internal/biginteger.h">
			<Option target="Debug" />
			<Option target="Release" />
		</Unit>
		<Unit filename="@rapidjson/internal/clzll.h">
			<Option target="Debug" />
			<Option target="Release" />
		</Unit>
		<Unit filename="@rapidjson/internal/diyfp.h">
			<Option target="Debug" />
			<Option target="Release" />
		</Unit>
		<Unit filename="@rapidjson/internal/dtoa.h">
			<Option target="Debug" />
			<Option target="Release" />
		</Unit>
		<Unit filename="@rapidjson/internal/ieee754.h">
			<Option target="Debug" />
			<Option target="Release" />
		</Unit>
		<Unit filename="@rapidjson/internal/itoa.h">
			<Option target="Debug" />
			<Option target="Release" />
		</Unit>
		<Unit filename="@rapidjson/internal/meta.h">
			<Option target="Debug" />
			<Option target="Release" />
		</Unit>
		<Unit filename="@rapidjson/internal/pow10.h">
			<Option target="Debug" />
			<Option target="Release" />
		</Unit>
		<Unit filename="@rapidjson/internal/regex.h">
			<Option target="Debug" />
			<Option target="Release" />
		</Unit>
		<Unit filename="@rapidjson/internal/stack.h">
			<Option target="Debug" />
			<Option target="Release" />
		</Unit>
		<Unit filename="@rapidjson/internal/strfunc.h">
			<Option target="Debug" />
			<Option target="Release" />
		</Unit>
		<Unit filename="@rapidjson/internal/strtod.h">
			<Option target="Debug" />
			<Option target="Release" />
		</Unit>
		<Unit filename="@rapidjson/internal/swap.h">
			<Option target="Debug" />
			<Option target="Release" />
		</Unit>
		<Unit filename="@rapidjson/istreamwrapper.h">
			<Option target="Debug" />
			<Option target="Release" />
		</Unit>
		<Unit filename="@rapidjson/memorybuffer.h">
			<Option target="Debug" />
			<Option target="Release" />
		</Unit>
		<Unit filename="@rapidjson/memorystream.h">
			<Option target="Debug" />
			<Option target="Release" />
		</Unit>
		<Unit filename="@rapidjson/msinttypes/inttypes.h">
			<Option target="Debug" />
			<Option target="Release" />
		</Unit>
		<Unit filename="@rapidjson/msinttypes/stdint.h">
			<Option target="Debug" />
			<Option target="Release" />
		</Unit>
		<Unit filename="@rapidjson/ostreamwrapper.h">
			<Option target="Debug" />
			<Option target="Release" />
		</Unit>
		<Unit filename="@rapidjson/pointer.h">
			<Option target="Debug" />
			<Option target="Release" />
		</Unit>
		<Unit filename="@rapidjson/prettywriter.h">
			<Option target="Debug" />
			<Option target="Release" />
		</Unit>
		<Unit filename="@rapidjson/rapidjson.h">
			<Option target="Debug" />
			<Option target="Release" />
		</Unit>
		<Unit filename="@rapidjson/reader.h">
			<Option target="Debug" />
			<Option target="Release" />
		</Unit>
		<Unit filename="@rapidjson/schema.h">
			<Option target="Debug" />
			<Option target="Release" />
		</Unit>
		<Unit filename="@rapidjson/stream.h">
			<Option target="Debug" />
			<Option target="Release" />
		</Unit>
		<Unit filename="@rapidjson/stringbuffer.h">
			<Option target="Debug" />
			<Option target="Release" />
		</Unit>
		<Unit filename="@rapidjson/uri.h">
			<Option target="Debug" />
			<Option target="Release" />
		</Unit>
		<Unit filename="@rapidjson/writer.h">
			<Option target="Debug" />
			<Option target="Release" />
		</Unit>
		<Unit filename="@shader/easyShader.hpp">
			<Option target="&lt;{~None~}&gt;" />
		</Unit>
		<Unit filename="@terraria/random.cpp">
			<Option target="Debug" />
			<Option target="Release" />
		</Unit>
		<Unit filename="@terraria/random.h">
			<Option target="Debug" />
			<Option target="Release" />
		</Unit>
		<Unit filename="@zipTool/unzip.cpp">
			<Option target="Debug" />
			<Option target="Release" />
		</Unit>
		<Unit filename="@zipTool/unzip.h">
			<Option target="Debug" />
			<Option target="Release" />
		</Unit>
		<Unit filename="CClock.cpp">
			<Option target="Debug" />
			<Option target="Release" />
		</Unit>
		<Unit filename="CClock.h">
			<Option target="Debug" />
			<Option target="Release" />
		</Unit>
		<Unit filename="TerrarianNew.cpp">
			<Option target="Debug" />
			<Option target="Release" />
		</Unit>
		<Unit filename="TerrarianNew.h">
			<Option target="Debug" />
			<Option target="Release" />
		</Unit>
		<Unit filename="ctool.cpp">
			<Option target="Debug" />
			<Option target="Release" />
		</Unit>
		<Unit filename="ctool.h">
			<Option target="Debug" />
			<Option target="Release" />
		</Unit>
		<Unit filename="dataStrs.h">
			<Option target="&lt;{~None~}&gt;" />
		</Unit>
		<Unit filename="debugIO.h">
			<Option target="Debug" />
			<Option target="Release" />
		</Unit>
		<Unit filename="helping.cpp">
			<Option target="Debug" />
			<Option target="Release" />
		</Unit>
		<Unit filename="helping.h">
			<Option target="&lt;{~None~}&gt;" />
		</Unit>
		<Unit filename="kernel.h">
			<Option target="&lt;{~None~}&gt;" />
		</Unit>
		<Unit filename="macros.h">
			<Option target="&lt;{~None~}&gt;" />
		</Unit>
		<Unit filename="main.cpp">
			<Option target="Debug" />
			<Option target="Release" />
		</Unit>
		<Unit filename="main.hpp">
			<Option target="Debug" />
			<Option target="Release" />
		</Unit>
		<Unit filename="mods.cpp">
			<Option target="Debug" />
			<Option target="Release" />
		</Unit>
		<Unit filename="mods.h">
			<Option target="&lt;{~None~}&gt;" />
		</Unit>
		<Unit filename="pyModsExecuter.cpp">
			<Option target="Debug" />
			<Option target="Release" />
		</Unit>
		<Unit filename="pyModsExecuter.h">
			<Option target="Debug" />
			<Option target="Release" />
		</Unit>
		<Unit filename="res/shaders/glass_like.frag">
			<Option target="&lt;{~None~}&gt;" />
		</Unit>
		<Unit filename="resource.h">
			<Option target="&lt;{~None~}&gt;" />
		</Unit>
		<Unit filename="resource.rc">
			<Option compilerVar="WINDRES" />
			<Option target="Debug" />
			<Option target="Release" />
		</Unit>
		<Unit filename="scdta.h">
			<Option target="&lt;{~None~}&gt;" />
		</Unit>
		<Extensions />
	</Project>
</CodeBlocks_project_file>
