<?xml version="1.0" encoding="UTF-8" standalone="yes" ?>
<CodeBlocks_project_file>
	<FileVersion major="1" minor="6" />
	<Project>
		<Option title="MineTerraria" />
		<Option pch_mode="2" />
		<Option compiler="gcc" />
		<Build>
			<Target title="Debug">
				<Option output="#bin/Debug/UnlimitedLife" prefix_auto="1" extension_auto="1" />
				<Option object_output="#obj/Debug/" />
				<Option type="1" />
				<Option compiler="gcc" />
				<Compiler>
					<Add option="-m32" />
					<Add option="-g" />
				</Compiler>
				<Linker>
					<Add option="-m32" />
					<Add library="sfml-graphics-d" />
					<Add library="sfml-window-d" />
					<Add library="sfml-system-d" />
					<Add library="sfml-audio-d" />
				</Linker>
			</Target>
			<Target title="Release">
				<Option output="#bin/Release/UnlimitedLife" prefix_auto="1" extension_auto="1" />
				<Option object_output="#obj/Release/" />
				<Option type="0" />
				<Option compiler="gcc" />
				<Compiler>
					<Add option="-O2" />
				</Compiler>
				<Linker>
					<Add option="-s" />
					<Add library="sfml-graphics" />
					<Add library="sfml-window" />
					<Add library="sfml-system" />
					<Add library="sfml-audio" />
				</Linker>
			</Target>
		</Build>
		<Compiler>
			<Add option="-Wall" />
			<Add option="-std=gnu++17" />
			<Add option="-m32" />
			<Add directory="#depend/include" />
		</Compiler>
		<Linker>
			<Add option="-static-libstdc++" />
			<Add option="-static-libgcc" />
			<Add option="-static" />
			<Add option="-m32" />
			<Add library="mingw32" />
			<Add library="user32" />
			<Add library="gdi32" />
			<Add library="winmm" />
			<Add library="dxguid" />
			<Add library="#depend/libglu32.a" />
			<Add library="#depend/libopengl32.a" />
			<Add library="#depend/SFML/lib/libFLAC.a" />
			<Add library="#depend/SFML/lib/libfreetype.a" />
			<Add library="#depend/SFML/lib/libogg.a" />
			<Add library="#depend/SFML/lib/libopenal32.a" />
			<Add library="#depend/SFML/lib/libvorbis.a" />
			<Add library="#depend/SFML/lib/libvorbisenc.a" />
			<Add library="#depend/SFML/lib/libvorbisfile.a" />
			<Add directory="#depend/lib" />
		</Linker>
		<Unit filename="@Mod/dllKernel.h" />
		<Unit filename="@Mod/dllLoadKernel.cpp" />
		<Unit filename="@Mod/dllLoadKernel.h" />
		<Unit filename="@easyXX/easyColor.cpp" />
		<Unit filename="@easyXX/easyColor.h" />
		<Unit filename="@easyXX/easyEvents.cpp" />
		<Unit filename="@easyXX/easyEvents.h" />
		<Unit filename="@easyXX/easyFont.cpp" />
		<Unit filename="@easyXX/easyFont.h" />
		<Unit filename="@easyXX/easyTex.cpp" />
		<Unit filename="@easyXX/easyTex.h" />
		<Unit filename="@enc/pubhash.cpp" />
		<Unit filename="@enc/pubhash.h" />
		<Unit filename="@extraSFML/sfml-layout.cpp" />
		<Unit filename="@extraSFML/sfml-layout.h" />
		<Unit filename="@extraSFML/sfml-math.cpp" />
		<Unit filename="@extraSFML/sfml-math.h" />
		<Unit filename="@rapidjson/allocators.h" />
		<Unit filename="@rapidjson/cursorstreamwrapper.h" />
		<Unit filename="@rapidjson/document.h" />
		<Unit filename="@rapidjson/encodedstream.h" />
		<Unit filename="@rapidjson/encodings.h" />
		<Unit filename="@rapidjson/error/en.h" />
		<Unit filename="@rapidjson/error/error.h" />
		<Unit filename="@rapidjson/filereadstream.h" />
		<Unit filename="@rapidjson/filewritestream.h" />
		<Unit filename="@rapidjson/fwd.h" />
		<Unit filename="@rapidjson/internal/biginteger.h" />
		<Unit filename="@rapidjson/internal/clzll.h" />
		<Unit filename="@rapidjson/internal/diyfp.h" />
		<Unit filename="@rapidjson/internal/dtoa.h" />
		<Unit filename="@rapidjson/internal/ieee754.h" />
		<Unit filename="@rapidjson/internal/itoa.h" />
		<Unit filename="@rapidjson/internal/meta.h" />
		<Unit filename="@rapidjson/internal/pow10.h" />
		<Unit filename="@rapidjson/internal/regex.h" />
		<Unit filename="@rapidjson/internal/stack.h" />
		<Unit filename="@rapidjson/internal/strfunc.h" />
		<Unit filename="@rapidjson/internal/strtod.h" />
		<Unit filename="@rapidjson/internal/swap.h" />
		<Unit filename="@rapidjson/istreamwrapper.h" />
		<Unit filename="@rapidjson/memorybuffer.h" />
		<Unit filename="@rapidjson/memorystream.h" />
		<Unit filename="@rapidjson/msinttypes/inttypes.h" />
		<Unit filename="@rapidjson/msinttypes/stdint.h" />
		<Unit filename="@rapidjson/ostreamwrapper.h" />
		<Unit filename="@rapidjson/pointer.h" />
		<Unit filename="@rapidjson/prettywriter.h" />
		<Unit filename="@rapidjson/rapidjson.h" />
		<Unit filename="@rapidjson/reader.h" />
		<Unit filename="@rapidjson/schema.h" />
		<Unit filename="@rapidjson/stream.h" />
		<Unit filename="@rapidjson/stringbuffer.h" />
		<Unit filename="@rapidjson/uri.h" />
		<Unit filename="@rapidjson/writer.h" />
		<Unit filename="@shader/easyShader.hpp">
			<Option target="&lt;{~None~}&gt;" />
		</Unit>
		<Unit filename="@terraria/random.cpp" />
		<Unit filename="@terraria/random.h" />
		<Unit filename="@zipTool/unzip.cpp" />
		<Unit filename="@zipTool/unzip.h" />
		<Unit filename="CClock.cpp" />
		<Unit filename="CClock.h" />
		<Unit filename="TerrarianNew.cpp" />
		<Unit filename="TerrarianNew.h" />
		<Unit filename="ctool.cpp" />
		<Unit filename="ctool.h" />
		<Unit filename="dataStrs.h" />
		<Unit filename="debugIO.h" />
		<Unit filename="helping.cpp" />
		<Unit filename="helping.h" />
		<Unit filename="kernel.h" />
		<Unit filename="macros.h" />
		<Unit filename="main.cpp" />
		<Unit filename="main.hpp" />
		<Unit filename="res/shaders/glass_like.frag">
			<Option target="&lt;{~None~}&gt;" />
		</Unit>
		<Unit filename="res/shaders/lifeRecord.frag">
			<Option target="&lt;{~None~}&gt;" />
		</Unit>
		<Unit filename="resource.h" />
		<Unit filename="resource.rc">
			<Option compilerVar="WINDRES" />
		</Unit>
		<Unit filename="scdta.h" />
		<Extensions />
	</Project>
</CodeBlocks_project_file>
