<?xml version="1.0" encoding="UTF-8" standalone="yes" ?>
<CodeBlocks_project_file>
	<FileVersion major="1" minor="6" />
	<Project>
		<Option title="UnlimitedLife2.0" />
		<Option pch_mode="2" />
		<Option compiler="gcc" />
		<Option virtualFolders="main/;com/;shaders/;terrarian/;gameobjects/" />
		<Build>
			<Target title="Debug">
				<Option output="../#build/ULD" prefix_auto="1" extension_auto="1" />
				<Option object_output="obj/Debug/" />
				<Option type="1" />
				<Option compiler="gcc" />
				<Compiler>
					<Add option="-g" />
				</Compiler>
			</Target>
			<Target title="Release">
				<Option output="../#build/ULR" prefix_auto="1" extension_auto="1" />
				<Option object_output="obj/Release/" />
				<Option type="0" />
				<Option compiler="gcc" />
				<Compiler>
					<Add option="-O2" />
				</Compiler>
				<Linker>
					<Add option="-s" />
				</Linker>
			</Target>
		</Build>
		<Compiler>
			<Add option="-Wall" />
			<Add option="-fexceptions" />
			<Add option="-DGLEW_STATIC" />
			<Add option="-DBUILD_ON_WINDOWS" />
			<Add option="-DENABLE_FPS" />
			<Add option="-DUNSTOP_WHEN_UNFOCUS" />
			<Add option="-DDEBUG" />
			<Add directory="../#depend/headers" />
			<Add directory="../#innerProjs/aaaa0ggmcLib/headers" />
			<Add directory="../#innerProjs/hiGLEW/com" />
		</Compiler>
		<Linker>
			<Add library="../#depend/lib/libglfw3.a" />
			<Add library="gdi32" />
			<Add library="../#build/libaaaa0ggmcLib.a" />
			<Add library="../#depend/lib/libglew32.a" />
			<Add library="opengl32" />
			<Add library="FreeType" />
			<Add directory="../#depend/lib" />
		</Linker>
		<Unit filename="-gameobjects/Tile.h">
			<Option virtualFolder="gameobjects/" />
			<Option target="&lt;{~None~}&gt;" />
		</Unit>
		<Unit filename="-terrarian/Chunk.h">
			<Option virtualFolder="terrarian/" />
			<Option target="&lt;{~None~}&gt;" />
		</Unit>
		<Unit filename="-terrarian/Terrarian.cpp">
			<Option virtualFolder="terrarian/" />
		</Unit>
		<Unit filename="-terrarian/properties.h">
			<Option virtualFolder="terrarian/" />
			<Option target="&lt;{~None~}&gt;" />
		</Unit>
		<Unit filename="../#innerProjs/hiGLEW/com/ME.cpp">
			<Option virtualFolder="com/" />
		</Unit>
		<Unit filename="../#innerProjs/hiGLEW/com/ME.h">
			<Option virtualFolder="com/" />
		</Unit>
		<Unit filename="../#innerProjs/hiGLEW/com/eME.cpp">
			<Option virtualFolder="com/" />
		</Unit>
		<Unit filename="../#innerProjs/hiGLEW/com/eME.h">
			<Option virtualFolder="com/" />
		</Unit>
		<Unit filename="main.cpp">
			<Option virtualFolder="main/" />
		</Unit>
		<Unit filename="res/shaders/main.frag">
			<Option virtualFolder="shaders/" />
		</Unit>
		<Unit filename="res/shaders/main.vert">
			<Option virtualFolder="shaders/" />
		</Unit>
		<Unit filename="reses.h">
			<Option virtualFolder="main/" />
			<Option target="&lt;{~None~}&gt;" />
		</Unit>
		<Extensions />
	</Project>
</CodeBlocks_project_file>
