<?xml version="1.0" encoding="UTF-8" standalone="yes" ?>
<CodeBlocks_project_file>
	<FileVersion major="1" minor="6" />
	<Project>
		<Option title="MineTerraria" />
		<Option pch_mode="2" />
		<Option compiler="gcc" />
		<Build>
			<Target title="Debug">
				<Option output="../#build/UnlimitedLifeD" prefix_auto="1" extension_auto="1" />
				<Option object_output="../#obj/Debug/" />
				<Option type="1" />
				<Option compiler="gcc" />
				<Compiler>
					<Add option="-std=c++17" />
					<Add option="-m32" />
					<Add option="-g" />
				</Compiler>
				<Linker>
					<Add option="-m32" />
				</Linker>
			</Target>
			<Target title="Release">
				<Option output="../#build/UnlimitedLifeR" prefix_auto="1" extension_auto="1" />
				<Option object_output="../#obj/Release" />
				<Option type="0" />
				<Option compiler="gcc" />
				<Compiler>
					<Add option="-O2" />
				</Compiler>
				<Linker>
					<Add option="-s" />
				</Linker>
			</Target>
		</Build>
		<Compiler>
			<Add option="-Wall" />
			<Add option="-std=gnu++17" />
			<Add option="-m32" />
			<Add option="-DBUILD_ON_WINDOWS" />
			<Add option="-DENABLE_FPS" />
			<Add option="-DUNSTOP_WHEN_UNFOCUS" />
			<Add directory="../#depend/headers" />
			<Add directory="../#innerProjs/aaaa0ggmcLib/headers" />
		</Compiler>
		<Linker>
			<Add option="-m32" />
			<Add library="mingw32" />
			<Add library="user32" />
			<Add library="gdi32" />
			<Add library="winmm" />
			<Add library="dxguid" />
			<Add library="glu32" />
			<Add library="opengl32" />
			<Add library="sfml-window" />
			<Add library="sfml-audio" />
			<Add library="sfml-system" />
			<Add library="sfml-graphics" />
			<Add library="FLAC" />
			<Add library="freetype" />
			<Add library="ogg" />
			<Add library="openal32" />
			<Add library="vorbis" />
			<Add library="vorbisenc" />
			<Add library="vorbisfile" />
			<Add library="aaaa0ggmcLib" />
			<Add directory="../#depend/lib/dw-dy" />
			<Add directory="../#build" />
		</Linker>
		<Unit filename="@Game/Animations/ani.cpp">
			<Option target="&lt;{~None~}&gt;" />
		</Unit>
		<Unit filename="@Game/Animations/ani.h">
			<Option target="&lt;{~None~}&gt;" />
		</Unit>
		<Unit filename="@Game/IDs.h">
			<Option target="&lt;{~None~}&gt;" />
		</Unit>
		<Unit filename="@Game/KERNEL_INFO.h">
			<Option target="&lt;{~None~}&gt;" />
		</Unit>
		<Unit filename="@Game/MapSave.h">
			<Option target="&lt;{~None~}&gt;" />
		</Unit>
		<Unit filename="@Game/Registry.cpp" />
		<Unit filename="@Game/Registry.h">
			<Option target="&lt;{~None~}&gt;" />
		</Unit>
		<Unit filename="@Game/TILES.h">
			<Option target="&lt;{~None~}&gt;" />
		</Unit>
		<Unit filename="@Game/ViewerGroup.cpp" />
		<Unit filename="@Game/ViewerGroup.h">
			<Option target="&lt;{~None~}&gt;" />
		</Unit>
		<Unit filename="@Game/entities/LivingThing.cpp" />
		<Unit filename="@Game/entities/LivingThing.h">
			<Option target="&lt;{~None~}&gt;" />
		</Unit>
		<Unit filename="@Game/manager.cpp" />
		<Unit filename="@Game/manager.h">
			<Option target="&lt;{~None~}&gt;" />
		</Unit>
		<Unit filename="@Game/player.cpp" />
		<Unit filename="@Game/player.h">
			<Option target="&lt;{~None~}&gt;" />
		</Unit>
		<Unit filename="@Game/requests.cpp" />
		<Unit filename="@Game/requests.h">
			<Option target="&lt;{~None~}&gt;" />
		</Unit>
		<Unit filename="@Mod/Sockets.h">
			<Option target="&lt;{~None~}&gt;" />
		</Unit>
		<Unit filename="@Mod/dllKernel.h" />
		<Unit filename="@Mod/dllLoadKernel.cpp" />
		<Unit filename="@Mod/dllLoadKernel.h" />
		<Unit filename="@aaaa0ggmcLib/rapidjson.h" />
		<Unit filename="@easyXX/easyColor.cpp" />
		<Unit filename="@easyXX/easyColor.h" />
		<Unit filename="@easyXX/easyEvents.cpp" />
		<Unit filename="@easyXX/easyEvents.h" />
		<Unit filename="@easyXX/easyFont.cpp" />
		<Unit filename="@easyXX/easyFont.h" />
		<Unit filename="@easyXX/easyTex.cpp" />
		<Unit filename="@easyXX/easyTex.h" />
		<Unit filename="@enc/pubhash.cpp" />
		<Unit filename="@enc/pubhash.h" />
		<Unit filename="@extraSFML/sfml-layout.cpp" />
		<Unit filename="@extraSFML/sfml-layout.h" />
		<Unit filename="@extraSFML/sfml-math.cpp" />
		<Unit filename="@extraSFML/sfml-math.h" />
		<Unit filename="@shader/easyShader.hpp">
			<Option target="&lt;{~None~}&gt;" />
		</Unit>
		<Unit filename="@terraria/overworld/gen.h">
			<Option target="&lt;{~None~}&gt;" />
		</Unit>
		<Unit filename="@terraria/random.cpp" />
		<Unit filename="@terraria/random.h" />
		<Unit filename="MusicController.cpp" />
		<Unit filename="MusicController.h">
			<Option target="&lt;{~None~}&gt;" />
		</Unit>
		<Unit filename="TerrarianNew.cpp" />
		<Unit filename="TerrarianNew.h" />
		<Unit filename="dataStrs.h" />
		<Unit filename="debugIO.h" />
		<Unit filename="expanded.h">
			<Option target="&lt;{~None~}&gt;" />
		</Unit>
		<Unit filename="helping.h" />
		<Unit filename="macros.h" />
		<Unit filename="main.cpp" />
		<Unit filename="main.hpp" />
		<Unit filename="res/shaders/glass_like.frag">
			<Option target="&lt;{~None~}&gt;" />
		</Unit>
		<Unit filename="res/shaders/lifeRecord.frag">
			<Option target="&lt;{~None~}&gt;" />
		</Unit>
		<Unit filename="resource.h" />
		<Unit filename="resource.rc">
			<Option compilerVar="WINDRES" />
		</Unit>
		<Unit filename="scdta.h" />
		<Extensions>
			<lib_finder disable_auto="1" />
		</Extensions>
	</Project>
</CodeBlocks_project_file>
